
Microsoft Visual Studio Solution File, Format Version 12.00
# Visual Studio Version 17
VisualStudioVersion = 17.1.32421.90
MinimumVisualStudioVersion = 10.0.40219.1
Project("{FAE04EC0-301F-11D3-BF4B-00C04F79EFBC}") = "MovieStore.Entities", "MovieStore.Entities\MovieStore.Entities.csproj", "{401EC98B-43BD-4EF6-B1C5-9A0E1E7076EF}"
EndProject
Project("{FAE04EC0-301F-11D3-BF4B-00C04F79EFBC}") = "MovieStore.DataAccess", "MovieStore.DataAccess\MovieStore.DataAccess.csproj", "{790FC90B-1C01-4D5F-9DB6-BEB321462AE5}"
EndProject
Project("{FAE04EC0-301F-11D3-BF4B-00C04F79EFBC}") = "MovieStore.Business", "MovieStore.Business\MovieStore.Business.csproj", "{C3E74B6F-7784-4AFF-99D9-9C43E1C36958}"
EndProject
Project("{FAE04EC0-301F-11D3-BF4B-00C04F79EFBC}") = "MovieStore.Api", "MovieStore.Api\MovieStore.Api.csproj", "{B2448B16-629E-4D50-AF26-075C314B20FA}"
EndProject
Project("{FAE04EC0-301F-11D3-BF4B-00C04F79EFBC}") = "MovieStore.DTO", "MovieStore.DTO\MovieStore.DTO.csproj", "{3452B71F-FD28-475D-A15F-C448C97D35BF}"
EndProject
Global
	GlobalSection(SolutionConfigurationPlatforms) = preSolution
		Debug|Any CPU = Debug|Any CPU
		Release|Any CPU = Release|Any CPU
	EndGlobalSection
	GlobalSection(ProjectConfigurationPlatforms) = postSolution
		{401EC98B-43BD-4EF6-B1C5-9A0E1E7076EF}.Debug|Any CPU.ActiveCfg = Debug|Any CPU
		{401EC98B-43BD-4EF6-B1C5-9A0E1E7076EF}.Debug|Any CPU.Build.0 = Debug|Any CPU
		{401EC98B-43BD-4EF6-B1C5-9A0E1E7076EF}.Release|Any CPU.ActiveCfg = Release|Any CPU
		{401EC98B-43BD-4EF6-B1C5-9A0E1E7076EF}.Release|Any CPU.Build.0 = Release|Any CPU
		{790FC90B-1C01-4D5F-9DB6-BEB321462AE5}.Debug|Any CPU.ActiveCfg = Debug|Any CPU
		{790FC90B-1C01-4D5F-9DB6-BEB321462AE5}.Debug|Any CPU.Build.0 = Debug|Any CPU
		{790FC90B-1C01-4D5F-9DB6-BEB321462AE5}.Release|Any CPU.ActiveCfg = Release|Any CPU
		{790FC90B-1C01-4D5F-9DB6-BEB321462AE5}.Release|Any CPU.Build.0 = Release|Any CPU
		{C3E74B6F-7784-4AFF-99D9-9C43E1C36958}.Debug|Any CPU.ActiveCfg = Debug|Any CPU
		{C3E74B6F-7784-4AFF-99D9-9C43E1C36958}.Debug|Any CPU.Build.0 = Debug|Any CPU
		{C3E74B6F-7784-4AFF-99D9-9C43E1C36958}.Release|Any CPU.ActiveCfg = Release|Any CPU
		{C3E74B6F-7784-4AFF-99D9-9C43E1C36958}.Release|Any CPU.Build.0 = Release|Any CPU
		{B2448B16-629E-4D50-AF26-075C314B20FA}.Debug|Any CPU.ActiveCfg = Debug|Any CPU
		{B2448B16-629E-4D50-AF26-075C314B20FA}.Debug|Any CPU.Build.0 = Debug|Any CPU
		{B2448B16-629E-4D50-AF26-075C314B20FA}.Release|Any CPU.ActiveCfg = Release|Any CPU
		{B2448B16-629E-4D50-AF26-075C314B20FA}.Release|Any CPU.Build.0 = Release|Any CPU
		{3452B71F-FD28-475D-A15F-C448C97D35BF}.Debug|Any CPU.ActiveCfg = Debug|Any CPU
		{3452B71F-FD28-475D-A15F-C448C97D35BF}.Debug|Any CPU.Build.0 = Debug|Any CPU
		{3452B71F-FD28-475D-A15F-C448C97D35BF}.Release|Any CPU.ActiveCfg = Release|Any CPU
		{3452B71F-FD28-475D-A15F-C448C97D35BF}.Release|Any CPU.Build.0 = Release|Any CPU
	EndGlobalSection
	GlobalSection(SolutionProperties) = preSolution
		HideSolutionNode = FALSE
	EndGlobalSection
	GlobalSection(ExtensibilityGlobals) = postSolution
		SolutionGuid = {A34ABBED-719D-4D30-BFC2-A6F9C4E93493}
	EndGlobalSection
EndGlobal
